
Microsoft Visual Studio Solution File, Format Version 12.00
# Visual Studio 2013
VisualStudioVersion = 12.0.21005.1
MinimumVisualStudioVersion = 10.0.40219.1
Project("{8BC9CEB8-8B4A-11D0-8D11-00A0C91BC942}") = "Atividade3_2", "Atividade3_2\Atividade3_2.vcxproj", "{F8674746-457B-4923-B4E1-5F5F62DD5DDB}"
EndProject
Global
	GlobalSection(SolutionConfigurationPlatforms) = preSolution
		Debug|Win32 = Debug|Win32
		Release|Win32 = Release|Win32
	EndGlobalSection
	GlobalSection(ProjectConfigurationPlatforms) = postSolution
		{F8674746-457B-4923-B4E1-5F5F62DD5DDB}.Debug|Win32.ActiveCfg = Debug|Win32
		{F8674746-457B-4923-B4E1-5F5F62DD5DDB}.Debug|Win32.Build.0 = Debug|Win32
		{F8674746-457B-4923-B4E1-5F5F62DD5DDB}.Release|Win32.ActiveCfg = Release|Win32
		{F8674746-457B-4923-B4E1-5F5F62DD5DDB}.Release|Win32.Build.0 = Release|Win32
	EndGlobalSection
	GlobalSection(SolutionProperties) = preSolution
		HideSolutionNode = FALSE
	EndGlobalSection
EndGlobal
